// !$*UTF8*$!
{
	archiveVersion = 1;
	classes = {
	};
	objectVersion = 50;
	objects = {

/* Begin PBXBuildFile section */
		4BAE4BFC2681DF2700283A8C /* AppDelegate.swift in Sources */ = {isa = PBXBuildFile; fileRef = 4BAE4BFB2681DF2700283A8C /* AppDelegate.swift */; };
		4BAE4BFE2681DF2700283A8C /* SceneDelegate.swift in Sources */ = {isa = PBXBuildFile; fileRef = 4BAE4BFD2681DF2700283A8C /* SceneDelegate.swift */; };
		4BAE4C002681DF2700283A8C /* ViewController.swift in Sources */ = {isa = PBXBuildFile; fileRef = 4BAE4BFF2681DF2700283A8C /* ViewController.swift */; };
		4BAE4C032681DF2700283A8C /* Main.storyboard in Resources */ = {isa = PBXBuildFile; fileRef = 4BAE4C012681DF2700283A8C /* Main.storyboard */; };
		4BAE4C052681DF2800283A8C /* Assets.xcassets in Resources */ = {isa = PBXBuildFile; fileRef = 4BAE4C042681DF2800283A8C /* Assets.xcassets */; };
		4BAE4C082681DF2800283A8C /* LaunchScreen.storyboard in Resources */ = {isa = PBXBuildFile; fileRef = 4BAE4C062681DF2800283A8C /* LaunchScreen.storyboard */; };
		4BAE4C132681DF2800283A8C /* AskMeAnythingTests.swift in Sources */ = {isa = PBXBuildFile; fileRef = 4BAE4C122681DF2800283A8C /* AskMeAnythingTests.swift */; };
		4BAE4C1E2681DF2800283A8C /* AskMeAnythingUITests.swift in Sources */ = {isa = PBXBuildFile; fileRef = 4BAE4C1D2681DF2800283A8C /* AskMeAnythingUITests.swift */; };
/* End PBXBuildFile section */

/* Begin PBXContainerItemProxy section */
		4BAE4C0F2681DF2800283A8C /* PBXContainerItemProxy */ = {
			isa = PBXContainerItemProxy;
			containerPortal = 4BAE4BF02681DF2700283A8C /* Project object */;
			proxyType = 1;
			remoteGlobalIDString = 4BAE4BF72681DF2700283A8C;
			remoteInfo = AskMeAnything;
		};
		4BAE4C1A2681DF2800283A8C /* PBXContainerItemProxy */ = {
			isa = PBXContainerItemProxy;
			containerPortal = 4BAE4BF02681DF2700283A8C /* Project object */;
			proxyType = 1;
			remoteGlobalIDString = 4BAE4BF72681DF2700283A8C;
			remoteInfo = AskMeAnything;
		};
/* End PBXContainerItemProxy section */

/* Begin PBXFileReference section */
		4BAE4BF82681DF2700283A8C /* AskMeAnything.app */ = {isa = PBXFileReference; explicitFileType = wrapper.application; includeInIndex = 0; path = AskMeAnything.app; sourceTree = BUILT_PRODUCTS_DIR; };
		4BAE4BFB2681DF2700283A8C /* AppDelegate.swift */ = {isa = PBXFileReference; lastKnownFileType = sourcecode.swift; path = AppDelegate.swift; sourceTree = "<group>"; };
		4BAE4BFD2681DF2700283A8C /* SceneDelegate.swift */ = {isa = PBXFileReference; lastKnownFileType = sourcecode.swift; path = SceneDelegate.swift; sourceTree = "<group>"; };
		4BAE4BFF2681DF2700283A8C /* ViewController.swift */ = {isa = PBXFileReference; lastKnownFileType = sourcecode.swift; path = ViewController.swift; sourceTree = "<group>"; };
		4BAE4C022681DF2700283A8C /* Base */ = {isa = PBXFileReference; lastKnownFileType = file.storyboard; name = Base; path = Base.lproj/Main.storyboard; sourceTree = "<group>"; };
		4BAE4C042681DF2800283A8C /* Assets.xcassets */ = {isa = PBXFileReference; lastKnownFileType = folder.assetcatalog; path = Assets.xcassets; sourceTree = "<group>"; };
		4BAE4C072681DF2800283A8C /* Base */ = {isa = PBXFileReference; lastKnownFileType = file.storyboard; name = Base; path = Base.lproj/LaunchScreen.storyboard; sourceTree = "<group>"; };
		4BAE4C092681DF2800283A8C /* Info.plist */ = {isa = PBXFileReference; lastKnownFileType = text.plist.xml; path = Info.plist; sourceTree = "<group>"; };
		4BAE4C0E2681DF2800283A8C /* AskMeAnythingTests.xctest */ = {isa = PBXFileReference; explicitFileType = wrapper.cfbundle; includeInIndex = 0; path = AskMeAnythingTests.xctest; sourceTree = BUILT_PRODUCTS_DIR; };
		4BAE4C122681DF2800283A8C /* AskMeAnythingTests.swift */ = {isa = PBXFileReference; lastKnownFileType = sourcecode.swift; path = AskMeAnythingTests.swift; sourceTree = "<group>"; };
		4BAE4C142681DF2800283A8C /* Info.plist */ = {isa = PBXFileReference; lastKnownFileType = text.plist.xml; path = Info.plist; sourceTree = "<group>"; };
		4BAE4C192681DF2800283A8C /* AskMeAnythingUITests.xctest */ = {isa = PBXFileReference; explicitFileType = wrapper.cfbundle; includeInIndex = 0; path = AskMeAnythingUITests.xctest; sourceTree = BUILT_PRODUCTS_DIR; };
		4BAE4C1D2681DF2800283A8C /* AskMeAnythingUITests.swift */ = {isa = PBXFileReference; lastKnownFileType = sourcecode.swift; path = AskMeAnythingUITests.swift; sourceTree = "<group>"; };
		4BAE4C1F2681DF2800283A8C /* Info.plist */ = {isa = PBXFileReference; lastKnownFileType = text.plist.xml; path = Info.plist; sourceTree = "<group>"; };
/* End PBXFileReference section */

/* Begin PBXFrameworksBuildPhase section */
		4BAE4BF52681DF2700283A8C /* Frameworks */ = {
			isa = PBXFrameworksBuildPhase;
			buildActionMask = 2147483647;
			files = (
			);
			runOnlyForDeploymentPostprocessing = 0;
		};
		4BAE4C0B2681DF2800283A8C /* Frameworks */ = {
			isa = PBXFrameworksBuildPhase;
			buildActionMask = 2147483647;
			files = (
			);
			runOnlyForDeploymentPostprocessing = 0;
		};
		4BAE4C162681DF2800283A8C /* Frameworks */ = {
			isa = PBXFrameworksBuildPhase;
			buildActionMask = 2147483647;
			files = (
			);
			runOnlyForDeploymentPostprocessing = 0;
		};
/* End PBXFrameworksBuildPhase section */

/* Begin PBXGroup section */
		4BAE4BEF2681DF2700283A8C = {
			isa = PBXGroup;
			children = (
				4BAE4BFA2681DF2700283A8C /* AskMeAnything */,
				4BAE4C112681DF2800283A8C /* AskMeAnythingTests */,
				4BAE4C1C2681DF2800283A8C /* AskMeAnythingUITests */,
				4BAE4BF92681DF2700283A8C /* Products */,
			);
			sourceTree = "<group>";
		};
		4BAE4BF92681DF2700283A8C /* Products */ = {
			isa = PBXGroup;
			children = (
				4BAE4BF82681DF2700283A8C /* AskMeAnything.app */,
				4BAE4C0E2681DF2800283A8C /* AskMeAnythingTests.xctest */,
				4BAE4C192681DF2800283A8C /* AskMeAnythingUITests.xctest */,
			);
			name = Products;
			sourceTree = "<group>";
		};
		4BAE4BFA2681DF2700283A8C /* AskMeAnything */ = {
			isa = PBXGroup;
			children = (
				4BAE4BFB2681DF2700283A8C /* AppDelegate.swift */,
				4BAE4BFD2681DF2700283A8C /* SceneDelegate.swift */,
				4BAE4BFF2681DF2700283A8C /* ViewController.swift */,
				4BAE4C012681DF2700283A8C /* Main.storyboard */,
				4BAE4C042681DF2800283A8C /* Assets.xcassets */,
				4BAE4C062681DF2800283A8C /* LaunchScreen.storyboard */,
				4BAE4C092681DF2800283A8C /* Info.plist */,
			);
			path = AskMeAnything;
			sourceTree = "<group>";
		};
		4BAE4C112681DF2800283A8C /* AskMeAnythingTests */ = {
			isa = PBXGroup;
			children = (
				4BAE4C122681DF2800283A8C /* AskMeAnythingTests.swift */,
				4BAE4C142681DF2800283A8C /* Info.plist */,
			);
			path = AskMeAnythingTests;
			sourceTree = "<group>";
		};
		4BAE4C1C2681DF2800283A8C /* AskMeAnythingUITests */ = {
			isa = PBXGroup;
			children = (
				4BAE4C1D2681DF2800283A8C /* AskMeAnythingUITests.swift */,
				4BAE4C1F2681DF2800283A8C /* Info.plist */,
			);
			path = AskMeAnythingUITests;
			sourceTree = "<group>";
		};
/* End PBXGroup section */

/* Begin PBXNativeTarget section */
		4BAE4BF72681DF2700283A8C /* AskMeAnything */ = {
			isa = PBXNativeTarget;
			buildConfigurationList = 4BAE4C222681DF2800283A8C /* Build configuration list for PBXNativeTarget "AskMeAnything" */;
			buildPhases = (
				4BAE4BF42681DF2700283A8C /* Sources */,
				4BAE4BF52681DF2700283A8C /* Frameworks */,
				4BAE4BF62681DF2700283A8C /* Resources */,
			);
			buildRules = (
			);
			dependencies = (
			);
			name = AskMeAnything;
			productName = AskMeAnything;
			productReference = 4BAE4BF82681DF2700283A8C /* AskMeAnything.app */;
			productType = "com.apple.product-type.application";
		};
		4BAE4C0D2681DF2800283A8C /* AskMeAnythingTests */ = {
			isa = PBXNativeTarget;
			buildConfigurationList = 4BAE4C252681DF2800283A8C /* Build configuration list for PBXNativeTarget "AskMeAnythingTests" */;
			buildPhases = (
				4BAE4C0A2681DF2800283A8C /* Sources */,
				4BAE4C0B2681DF2800283A8C /* Frameworks */,
				4BAE4C0C2681DF2800283A8C /* Resources */,
			);
			buildRules = (
			);
			dependencies = (
				4BAE4C102681DF2800283A8C /* PBXTargetDependency */,
			);
			name = AskMeAnythingTests;
			productName = AskMeAnythingTests;
			productReference = 4BAE4C0E2681DF2800283A8C /* AskMeAnythingTests.xctest */;
			productType = "com.apple.product-type.bundle.unit-test";
		};
		4BAE4C182681DF2800283A8C /* AskMeAnythingUITests */ = {
			isa = PBXNativeTarget;
			buildConfigurationList = 4BAE4C282681DF2800283A8C /* Build configuration list for PBXNativeTarget "AskMeAnythingUITests" */;
			buildPhases = (
				4BAE4C152681DF2800283A8C /* Sources */,
				4BAE4C162681DF2800283A8C /* Frameworks */,
				4BAE4C172681DF2800283A8C /* Resources */,
			);
			buildRules = (
			);
			dependencies = (
				4BAE4C1B2681DF2800283A8C /* PBXTargetDependency */,
			);
			name = AskMeAnythingUITests;
			productName = AskMeAnythingUITests;
			productReference = 4BAE4C192681DF2800283A8C /* AskMeAnythingUITests.xctest */;
			productType = "com.apple.product-type.bundle.ui-testing";
		};
/* End PBXNativeTarget section */

/* Begin PBXProject section */
		4BAE4BF02681DF2700283A8C /* Project object */ = {
			isa = PBXProject;
			attributes = {
				LastSwiftUpdateCheck = 1250;
				LastUpgradeCheck = 1250;
				TargetAttributes = {
					4BAE4BF72681DF2700283A8C = {
						CreatedOnToolsVersion = 12.5;
					};
					4BAE4C0D2681DF2800283A8C = {
						CreatedOnToolsVersion = 12.5;
						TestTargetID = 4BAE4BF72681DF2700283A8C;
					};
					4BAE4C182681DF2800283A8C = {
						CreatedOnToolsVersion = 12.5;
						TestTargetID = 4BAE4BF72681DF2700283A8C;
					};
				};
			};
			buildConfigurationList = 4BAE4BF32681DF2700283A8C /* Build configuration list for PBXProject "AskMeAnything" */;
			compatibilityVersion = "Xcode 9.3";
			developmentRegion = en;
			hasScannedForEncodings = 0;
			knownRegions = (
				en,
				Base,
			);
			mainGroup = 4BAE4BEF2681DF2700283A8C;
			productRefGroup = 4BAE4BF92681DF2700283A8C /* Products */;
			projectDirPath = "";
			projectRoot = "";
			targets = (
				4BAE4BF72681DF2700283A8C /* AskMeAnything */,
				4BAE4C0D2681DF2800283A8C /* AskMeAnythingTests */,
				4BAE4C182681DF2800283A8C /* AskMeAnythingUITests */,
			);
		};
/* End PBXProject section */

/* Begin PBXResourcesBuildPhase section */
		4BAE4BF62681DF2700283A8C /* Resources */ = {
			isa = PBXResourcesBuildPhase;
			buildActionMask = 2147483647;
			files = (
				4BAE4C082681DF2800283A8C /* LaunchScreen.storyboard in Resources */,
				4BAE4C052681DF2800283A8C /* Assets.xcassets in Resources */,
				4BAE4C032681DF2700283A8C /* Main.storyboard in Resources */,
			);
			runOnlyForDeploymentPostprocessing = 0;
		};
		4BAE4C0C2681DF2800283A8C /* Resources */ = {
			isa = PBXResourcesBuildPhase;
			buildActionMask = 2147483647;
			files = (
			);
			runOnlyForDeploymentPostprocessing = 0;
		};
		4BAE4C172681DF2800283A8C /* Resources */ = {
			isa = PBXResourcesBuildPhase;
			buildActionMask = 2147483647;
			files = (
			);
			runOnlyForDeploymentPostprocessing = 0;
		};
/* End PBXResourcesBuildPhase section */

/* Begin PBXSourcesBuildPhase section */
		4BAE4BF42681DF2700283A8C /* Sources */ = {
			isa = PBXSourcesBuildPhase;
			buildActionMask = 2147483647;
			files = (
				4BAE4C002681DF2700283A8C /* ViewController.swift in Sources */,
				4BAE4BFC2681DF2700283A8C /* AppDelegate.swift in Sources */,
				4BAE4BFE2681DF2700283A8C /* SceneDelegate.swift in Sources */,
			);
			runOnlyForDeploymentPostprocessing = 0;
		};
		4BAE4C0A2681DF2800283A8C /* Sources */ = {
			isa = PBXSourcesBuildPhase;
			buildActionMask = 2147483647;
			files = (
				4BAE4C132681DF2800283A8C /* AskMeAnythingTests.swift in Sources */,
			);
			runOnlyForDeploymentPostprocessing = 0;
		};
		4BAE4C152681DF2800283A8C /* Sources */ = {
			isa = PBXSourcesBuildPhase;
			buildActionMask = 2147483647;
			files = (
				4BAE4C1E2681DF2800283A8C /* AskMeAnythingUITests.swift in Sources */,
			);
			runOnlyForDeploymentPostprocessing = 0;
		};
/* End PBXSourcesBuildPhase section */

/* Begin PBXTargetDependency section */
		4BAE4C102681DF2800283A8C /* PBXTargetDependency */ = {
			isa = PBXTargetDependency;
			target = 4BAE4BF72681DF2700283A8C /* AskMeAnything */;
			targetProxy = 4BAE4C0F2681DF2800283A8C /* PBXContainerItemProxy */;
		};
		4BAE4C1B2681DF2800283A8C /* PBXTargetDependency */ = {
			isa = PBXTargetDependency;
			target = 4BAE4BF72681DF2700283A8C /* AskMeAnything */;
			targetProxy = 4BAE4C1A2681DF2800283A8C /* PBXContainerItemProxy */;
		};
/* End PBXTargetDependency section */

/* Begin PBXVariantGroup section */
		4BAE4C012681DF2700283A8C /* Main.storyboard */ = {
			isa = PBXVariantGroup;
			children = (
				4BAE4C022681DF2700283A8C /* Base */,
			);
			name = Main.storyboard;
			sourceTree = "<group>";
		};
		4BAE4C062681DF2800283A8C /* LaunchScreen.storyboard */ = {
			isa = PBXVariantGroup;
			children = (
				4BAE4C072681DF2800283A8C /* Base */,
			);
			name = LaunchScreen.storyboard;
			sourceTree = "<group>";
		};
/* End PBXVariantGroup section */

/* Begin XCBuildConfiguration section */
		4BAE4C202681DF2800283A8C /* Debug */ = {
			isa = XCBuildConfiguration;
			buildSettings = {
				ALWAYS_SEARCH_USER_PATHS = NO;
				CLANG_ANALYZER_NONNULL = YES;
				CLANG_ANALYZER_NUMBER_OBJECT_CONVERSION = YES_AGGRESSIVE;
				CLANG_CXX_LANGUAGE_STANDARD = "gnu++14";
				CLANG_CXX_LIBRARY = "libc++";
				CLANG_ENABLE_MODULES = YES;
				CLANG_ENABLE_OBJC_ARC = YES;
				CLANG_ENABLE_OBJC_WEAK = YES;
				CLANG_WARN_BLOCK_CAPTURE_AUTORELEASING = YES;
				CLANG_WARN_BOOL_CONVERSION = YES;
				CLANG_WARN_COMMA = YES;
				CLANG_WARN_CONSTANT_CONVERSION = YES;
				CLANG_WARN_DEPRECATED_OBJC_IMPLEMENTATIONS = YES;
				CLANG_WARN_DIRECT_OBJC_ISA_USAGE = YES_ERROR;
				CLANG_WARN_DOCUMENTATION_COMMENTS = YES;
				CLANG_WARN_EMPTY_BODY = YES;
				CLANG_WARN_ENUM_CONVERSION = YES;
				CLANG_WARN_INFINITE_RECURSION = YES;
				CLANG_WARN_INT_CONVERSION = YES;
				CLANG_WARN_NON_LITERAL_NULL_CONVERSION = YES;
				CLANG_WARN_OBJC_IMPLICIT_RETAIN_SELF = YES;
				CLANG_WARN_OBJC_LITERAL_CONVERSION = YES;
				CLANG_WARN_OBJC_ROOT_CLASS = YES_ERROR;
				CLANG_WARN_QUOTED_INCLUDE_IN_FRAMEWORK_HEADER = YES;
				CLANG_WARN_RANGE_LOOP_ANALYSIS = YES;
				CLANG_WARN_STRICT_PROTOTYPES = YES;
				CLANG_WARN_SUSPICIOUS_MOVE = YES;
				CLANG_WARN_UNGUARDED_AVAILABILITY = YES_AGGRESSIVE;
				CLANG_WARN_UNREACHABLE_CODE = YES;
				CLANG_WARN__DUPLICATE_METHOD_MATCH = YES;
				COPY_PHASE_STRIP = NO;
				DEBUG_INFORMATION_FORMAT = dwarf;
				ENABLE_STRICT_OBJC_MSGSEND = YES;
				ENABLE_TESTABILITY = YES;
				GCC_C_LANGUAGE_STANDARD = gnu11;
				GCC_DYNAMIC_NO_PIC = NO;
				GCC_NO_COMMON_BLOCKS = YES;
				GCC_OPTIMIZATION_LEVEL = 0;
				GCC_PREPROCESSOR_DEFINITIONS = (
					"DEBUG=1",
					"$(inherited)",
				);
				GCC_WARN_64_TO_32_BIT_CONVERSION = YES;
				GCC_WARN_ABOUT_RETURN_TYPE = YES_ERROR;
				GCC_WARN_UNDECLARED_SELECTOR = YES;
				GCC_WARN_UNINITIALIZED_AUTOS = YES_AGGRESSIVE;
				GCC_WARN_UNUSED_FUNCTION = YES;
				GCC_WARN_UNUSED_VARIABLE = YES;
				IPHONEOS_DEPLOYMENT_TARGET = 14.5;
				MTL_ENABLE_DEBUG_INFO = INCLUDE_SOURCE;
				MTL_FAST_MATH = YES;
				ONLY_ACTIVE_ARCH = YES;
				SDKROOT = iphoneos;
				SWIFT_ACTIVE_COMPILATION_CONDITIONS = DEBUG;
				SWIFT_OPTIMIZATION_LEVEL = "-Onone";
			};
			name = Debug;
		};
		4BAE4C212681DF2800283A8C /* Release */ = {
			isa = XCBuildConfiguration;
			buildSettings = {
				ALWAYS_SEARCH_USER_PATHS = NO;
				CLANG_ANALYZER_NONNULL = YES;
				CLANG_ANALYZER_NUMBER_OBJECT_CONVERSION = YES_AGGRESSIVE;
				CLANG_CXX_LANGUAGE_STANDARD = "gnu++14";
				CLANG_CXX_LIBRARY = "libc++";
				CLANG_ENABLE_MODULES = YES;
				CLANG_ENABLE_OBJC_ARC = YES;
				CLANG_ENABLE_OBJC_WEAK = YES;
				CLANG_WARN_BLOCK_CAPTURE_AUTORELEASING = YES;
				CLANG_WARN_BOOL_CONVERSION = YES;
				CLANG_WARN_COMMA = YES;
				CLANG_WARN_CONSTANT_CONVERSION = YES;
				CLANG_WARN_DEPRECATED_OBJC_IMPLEMENTATIONS = YES;
				CLANG_WARN_DIRECT_OBJC_ISA_USAGE = YES_ERROR;
				CLANG_WARN_DOCUMENTATION_COMMENTS = YES;
				CLANG_WARN_EMPTY_BODY = YES;
				CLANG_WARN_ENUM_CONVERSION = YES;
				CLANG_WARN_INFINITE_RECURSION = YES;
				CLANG_WARN_INT_CONVERSION = YES;
				CLANG_WARN_NON_LITERAL_NULL_CONVERSION = YES;
				CLANG_WARN_OBJC_IMPLICIT_RETAIN_SELF = YES;
				CLANG_WARN_OBJC_LITERAL_CONVERSION = YES;
				CLANG_WARN_OBJC_ROOT_CLASS = YES_ERROR;
				CLANG_WARN_QUOTED_INCLUDE_IN_FRAMEWORK_HEADER = YES;
				CLANG_WARN_RANGE_LOOP_ANALYSIS = YES;
				CLANG_WARN_STRICT_PROTOTYPES = YES;
				CLANG_WARN_SUSPICIOUS_MOVE = YES;
				CLANG_WARN_UNGUARDED_AVAILABILITY = YES_AGGRESSIVE;
				CLANG_WARN_UNREACHABLE_CODE = YES;
				CLANG_WARN__DUPLICATE_METHOD_MATCH = YES;
				COPY_PHASE_STRIP = NO;
				DEBUG_INFORMATION_FORMAT = "dwarf-with-dsym";
				ENABLE_NS_ASSERTIONS = NO;
				ENABLE_STRICT_OBJC_MSGSEND = YES;
				GCC_C_LANGUAGE_STANDARD = gnu11;
				GCC_NO_COMMON_BLOCKS = YES;
				GCC_WARN_64_TO_32_BIT_CONVERSION = YES;
				GCC_WARN_ABOUT_RETURN_TYPE = YES_ERROR;
				GCC_WARN_UNDECLARED_SELECTOR = YES;
				GCC_WARN_UNINITIALIZED_AUTOS = YES_AGGRESSIVE;
				GCC_WARN_UNUSED_FUNCTION = YES;
				GCC_WARN_UNUSED_VARIABLE = YES;
				IPHONEOS_DEPLOYMENT_TARGET = 14.5;
				MTL_ENABLE_DEBUG_INFO = NO;
				MTL_FAST_MATH = YES;
				SDKROOT = iphoneos;
				SWIFT_COMPILATION_MODE = wholemodule;
				SWIFT_OPTIMIZATION_LEVEL = "-O";
				VALIDATE_PRODUCT = YES;
			};
			name = Release;
		};
		4BAE4C232681DF2800283A8C /* Debug */ = {
			isa = XCBuildConfiguration;
			buildSettings = {
				ASSETCATALOG_COMPILER_APPICON_NAME = AppIcon;
				ASSETCATALOG_COMPILER_GLOBAL_ACCENT_COLOR_NAME = AccentColor;
				CODE_SIGN_STYLE = Automatic;
				DEVELOPMENT_TEAM = 7LQHS2KMLW;
				INFOPLIST_FILE = AskMeAnything/Info.plist;
				LD_RUNPATH_SEARCH_PATHS = (
					"$(inherited)",
					"@executable_path/Frameworks",
				);
				PRODUCT_BUNDLE_IDENTIFIER = com.wiwisun.AskMeAnything;
				PRODUCT_NAME = "$(TARGET_NAME)";
				SWIFT_VERSION = 5.0;
				TARGETED_DEVICE_FAMILY = "1,2";
			};
			name = Debug;
		};
		4BAE4C242681DF2800283A8C /* Release */ = {
			isa = XCBuildConfiguration;
			buildSettings = {
				ASSETCATALOG_COMPILER_APPICON_NAME = AppIcon;
				ASSETCATALOG_COMPILER_GLOBAL_ACCENT_COLOR_NAME = AccentColor;
				CODE_SIGN_STYLE = Automatic;
				DEVELOPMENT_TEAM = 7LQHS2KMLW;
				INFOPLIST_FILE = AskMeAnything/Info.plist;
				LD_RUNPATH_SEARCH_PATHS = (
					"$(inherited)",
					"@executable_path/Frameworks",
				);
				PRODUCT_BUNDLE_IDENTIFIER = com.wiwisun.AskMeAnything;
				PRODUCT_NAME = "$(TARGET_NAME)";
				SWIFT_VERSION = 5.0;
				TARGETED_DEVICE_FAMILY = "1,2";
			};
			name = Release;
		};
		4BAE4C262681DF2800283A8C /* Debug */ = {
			isa = XCBuildConfiguration;
			buildSettings = {
				ALWAYS_EMBED_SWIFT_STANDARD_LIBRARIES = YES;
				BUNDLE_LOADER = "$(TEST_HOST)";
				CODE_SIGN_STYLE = Automatic;
				DEVELOPMENT_TEAM = 7LQHS2KMLW;
				INFOPLIST_FILE = AskMeAnythingTests/Info.plist;
				IPHONEOS_DEPLOYMENT_TARGET = 14.5;
				LD_RUNPATH_SEARCH_PATHS = (
					"$(inherited)",
					"@executable_path/Frameworks",
					"@loader_path/Frameworks",
				);
				PRODUCT_BUNDLE_IDENTIFIER = com.wiwisun.AskMeAnythingTests;
				PRODUCT_NAME = "$(TARGET_NAME)";
				SWIFT_VERSION = 5.0;
				TARGETED_DEVICE_FAMILY = "1,2";
				TEST_HOST = "$(BUILT_PRODUCTS_DIR)/AskMeAnything.app/AskMeAnything";
			};
			name = Debug;
		};
		4BAE4C272681DF2800283A8C /* Release */ = {
			isa = XCBuildConfiguration;
			buildSettings = {
				ALWAYS_EMBED_SWIFT_STANDARD_LIBRARIES = YES;
				BUNDLE_LOADER = "$(TEST_HOST)";
				CODE_SIGN_STYLE = Automatic;
				DEVELOPMENT_TEAM = 7LQHS2KMLW;
				INFOPLIST_FILE = AskMeAnythingTests/Info.plist;
				IPHONEOS_DEPLOYMENT_TARGET = 14.5;
				LD_RUNPATH_SEARCH_PATHS = (
					"$(inherited)",
					"@executable_path/Frameworks",
					"@loader_path/Frameworks",
				);
				PRODUCT_BUNDLE_IDENTIFIER = com.wiwisun.AskMeAnythingTests;
				PRODUCT_NAME = "$(TARGET_NAME)";
				SWIFT_VERSION = 5.0;
				TARGETED_DEVICE_FAMILY = "1,2";
				TEST_HOST = "$(BUILT_PRODUCTS_DIR)/AskMeAnything.app/AskMeAnything";
			};
			name = Release;
		};
		4BAE4C292681DF2800283A8C /* Debug */ = {
			isa = XCBuildConfiguration;
			buildSettings = {
				ALWAYS_EMBED_SWIFT_STANDARD_LIBRARIES = YES;
				CODE_SIGN_STYLE = Automatic;
				DEVELOPMENT_TEAM = 7LQHS2KMLW;
				INFOPLIST_FILE = AskMeAnythingUITests/Info.plist;
				LD_RUNPATH_SEARCH_PATHS = (
					"$(inherited)",
					"@executable_path/Frameworks",
					"@loader_path/Frameworks",
				);
				PRODUCT_BUNDLE_IDENTIFIER = com.wiwisun.AskMeAnythingUITests;
				PRODUCT_NAME = "$(TARGET_NAME)";
				SWIFT_VERSION = 5.0;
				TARGETED_DEVICE_FAMILY = "1,2";
				TEST_TARGET_NAME = AskMeAnything;
			};
			name = Debug;
		};
		4BAE4C2A2681DF2800283A8C /* Release */ = {
			isa = XCBuildConfiguration;
			buildSettings = {
				ALWAYS_EMBED_SWIFT_STANDARD_LIBRARIES = YES;
				CODE_SIGN_STYLE = Automatic;
				DEVELOPMENT_TEAM = 7LQHS2KMLW;
				INFOPLIST_FILE = AskMeAnythingUITests/Info.plist;
				LD_RUNPATH_SEARCH_PATHS = (
					"$(inherited)",
					"@executable_path/Frameworks",
					"@loader_path/Frameworks",
				);
				PRODUCT_BUNDLE_IDENTIFIER = com.wiwisun.AskMeAnythingUITests;
				PRODUCT_NAME = "$(TARGET_NAME)";
				SWIFT_VERSION = 5.0;
				TARGETED_DEVICE_FAMILY = "1,2";
				TEST_TARGET_NAME = AskMeAnything;
			};
			name = Release;
		};
/* End XCBuildConfiguration section */

/* Begin XCConfigurationList section */
		4BAE4BF32681DF2700283A8C /* Build configuration list for PBXProject "AskMeAnything" */ = {
			isa = XCConfigurationList;
			buildConfigurations = (
				4BAE4C202681DF2800283A8C /* Debug */,
				4BAE4C212681DF2800283A8C /* Release */,
			);
			defaultConfigurationIsVisible = 0;
			defaultConfigurationName = Release;
		};
		4BAE4C222681DF2800283A8C /* Build configuration list for PBXNativeTarget "AskMeAnything" */ = {
			isa = XCConfigurationList;
			buildConfigurations = (
				4BAE4C232681DF2800283A8C /* Debug */,
				4BAE4C242681DF2800283A8C /* Release */,
			);
			defaultConfigurationIsVisible = 0;
			defaultConfigurationName = Release;
		};
		4BAE4C252681DF2800283A8C /* Build configuration list for PBXNativeTarget "AskMeAnythingTests" */ = {
			isa = XCConfigurationList;
			buildConfigurations = (
				4BAE4C262681DF2800283A8C /* Debug */,
				4BAE4C272681DF2800283A8C /* Release */,
			);
			defaultConfigurationIsVisible = 0;
			defaultConfigurationName = Release;
		};
		4BAE4C282681DF2800283A8C /* Build configuration list for PBXNativeTarget "AskMeAnythingUITests" */ = {
			isa = XCConfigurationList;
			buildConfigurations = (
				4BAE4C292681DF2800283A8C /* Debug */,
				4BAE4C2A2681DF2800283A8C /* Release */,
			);
			defaultConfigurationIsVisible = 0;
			defaultConfigurationName = Release;
		};
/* End XCConfigurationList section */
	};
	rootObject = 4BAE4BF02681DF2700283A8C /* Project object */;
}
